
Microsoft Visual Studio Solution File, Format Version 12.00
# Visual Studio Version 17
VisualStudioVersion = 17.14.36221.1
MinimumVisualStudioVersion = 10.0.40219.1
Project("{8BC9CEB8-8B4A-11D0-8D11-00A0C91BC942}") = "noiser", "noiser.vcxproj", "{75EE8E0B-D9A8-4737-812D-33188E386265}"
EndProject
Global
	GlobalSection(SolutionConfigurationPlatforms) = preSolution
		Debug_Test|x64 = Debug_Test|x64
		Debug|x64 = Debug|x64
		Release|x64 = Release|x64
	EndGlobalSection
	GlobalSection(ProjectConfigurationPlatforms) = postSolution
		{75EE8E0B-D9A8-4737-812D-33188E386265}.Debug_Test|x64.ActiveCfg = Debug_Test|x64
		{75EE8E0B-D9A8-4737-812D-33188E386265}.Debug_Test|x64.Build.0 = Debug_Test|x64
		{75EE8E0B-D9A8-4737-812D-33188E386265}.Debug|x64.ActiveCfg = Debug|x64
		{75EE8E0B-D9A8-4737-812D-33188E386265}.Debug|x64.Build.0 = Debug|x64
		{75EE8E0B-D9A8-4737-812D-33188E386265}.Release|x64.ActiveCfg = Release|x64
		{75EE8E0B-D9A8-4737-812D-33188E386265}.Release|x64.Build.0 = Release|x64
	EndGlobalSection
	GlobalSection(SolutionProperties) = preSolution
		HideSolutionNode = FALSE
	EndGlobalSection
	GlobalSection(ExtensibilityGlobals) = postSolution
		SolutionGuid = {BFBE42B8-066F-4ADB-AF03-A0FD65D0AE13}
	EndGlobalSection
EndGlobal
